
Microsoft Visual Studio Solution File, Format Version 12.00
# Visual Studio 15
VisualStudioVersion = 15.0.26124.0
MinimumVisualStudioVersion = 15.0.26124.0
Project("{2150E333-8FDC-42A3-9474-1A3956D46DE8}") = "src", "src", "{6404875E-7522-4F02-8084-B5883DA2FB14}"
EndProject
Project("{FAE04EC0-301F-11D3-BF4B-00C04F79EFBC}") = "Credito.Domain", "src\Credito.Domain\Credito.Domain.csproj", "{F9906DA3-A0AF-4687-AC9A-E002CBEFA5AB}"
EndProject
Project("{2150E333-8FDC-42A3-9474-1A3956D46DE8}") = "tests", "tests", "{DCAB08B4-77D2-4912-937D-0CA3EECF1C71}"
EndProject
Project("{FAE04EC0-301F-11D3-BF4B-00C04F79EFBC}") = "Credito.Domain.Tests", "tests\Credito.Domain.Tests\Credito.Domain.Tests.csproj", "{C8291FE3-40B4-42E2-BF2D-AF237D4BFF54}"
EndProject
Project("{FAE04EC0-301F-11D3-BF4B-00C04F79EFBC}") = "Credito.Framework.MongoDB", "src\Credito.Framework.MongoDB\Credito.Framework.MongoDB.csproj", "{EA7F6F58-EF53-4378-875C-3A95066E03A6}"
EndProject
Project("{FAE04EC0-301F-11D3-BF4B-00C04F79EFBC}") = "Credito.Application", "src\Credito.Application\Credito.Application.csproj", "{598C279C-0D3A-4750-9341-66291128B881}"
EndProject
Project("{FAE04EC0-301F-11D3-BF4B-00C04F79EFBC}") = "Credito.Repository", "src\Credito.Repository\Credito.Repository.csproj", "{2EFCAFFB-CF36-4F17-A977-E19E1F213E22}"
EndProject
Project("{FAE04EC0-301F-11D3-BF4B-00C04F79EFBC}") = "Credito.WebApi", "src\Credito.WebApi\Credito.WebApi.csproj", "{B6DE7E37-D737-4B4E-A56D-77242919532E}"
EndProject
Project("{FAE04EC0-301F-11D3-BF4B-00C04F79EFBC}") = "Credito.Framework", "src\Credito.Framework\Credito.Framework.csproj", "{1C040425-89D0-41C2-90B3-AA46F6E0713F}"
EndProject
Project("{FAE04EC0-301F-11D3-BF4B-00C04F79EFBC}") = "Credito.Application.Tests", "tests\Credito.Application.Tests\Credito.Application.Tests.csproj", "{04D6B0F2-F4CD-444B-8E12-B2A09E7918D2}"
EndProject
Project("{2150E333-8FDC-42A3-9474-1A3956D46DE8}") = "deploy", "deploy", "{502CEFE7-4907-4A99-90C3-EBC471BF5A78}"
EndProject
Project("{2150E333-8FDC-42A3-9474-1A3956D46DE8}") = "aws", "aws", "{8E5D03AC-749F-433E-96CC-0CD948D857A2}"
EndProject
Project("{FAE04EC0-301F-11D3-BF4B-00C04F79EFBC}") = "DeployCdk", "deploy\aws\DeployCdk\DeployCdk.csproj", "{829EF2DB-B661-49BA-A360-61B200DFB047}"
EndProject
Global
	GlobalSection(SolutionConfigurationPlatforms) = preSolution
		Debug|Any CPU = Debug|Any CPU
		Debug|x64 = Debug|x64
		Debug|x86 = Debug|x86
		Release|Any CPU = Release|Any CPU
		Release|x64 = Release|x64
		Release|x86 = Release|x86
	EndGlobalSection
	GlobalSection(SolutionProperties) = preSolution
		HideSolutionNode = FALSE
	EndGlobalSection
	GlobalSection(ProjectConfigurationPlatforms) = postSolution
		{F9906DA3-A0AF-4687-AC9A-E002CBEFA5AB}.Debug|Any CPU.ActiveCfg = Debug|Any CPU
		{F9906DA3-A0AF-4687-AC9A-E002CBEFA5AB}.Debug|Any CPU.Build.0 = Debug|Any CPU
		{F9906DA3-A0AF-4687-AC9A-E002CBEFA5AB}.Debug|x64.ActiveCfg = Debug|Any CPU
		{F9906DA3-A0AF-4687-AC9A-E002CBEFA5AB}.Debug|x64.Build.0 = Debug|Any CPU
		{F9906DA3-A0AF-4687-AC9A-E002CBEFA5AB}.Debug|x86.ActiveCfg = Debug|Any CPU
		{F9906DA3-A0AF-4687-AC9A-E002CBEFA5AB}.Debug|x86.Build.0 = Debug|Any CPU
		{F9906DA3-A0AF-4687-AC9A-E002CBEFA5AB}.Release|Any CPU.ActiveCfg = Release|Any CPU
		{F9906DA3-A0AF-4687-AC9A-E002CBEFA5AB}.Release|Any CPU.Build.0 = Release|Any CPU
		{F9906DA3-A0AF-4687-AC9A-E002CBEFA5AB}.Release|x64.ActiveCfg = Release|Any CPU
		{F9906DA3-A0AF-4687-AC9A-E002CBEFA5AB}.Release|x64.Build.0 = Release|Any CPU
		{F9906DA3-A0AF-4687-AC9A-E002CBEFA5AB}.Release|x86.ActiveCfg = Release|Any CPU
		{F9906DA3-A0AF-4687-AC9A-E002CBEFA5AB}.Release|x86.Build.0 = Release|Any CPU
		{C8291FE3-40B4-42E2-BF2D-AF237D4BFF54}.Debug|Any CPU.ActiveCfg = Debug|Any CPU
		{C8291FE3-40B4-42E2-BF2D-AF237D4BFF54}.Debug|Any CPU.Build.0 = Debug|Any CPU
		{C8291FE3-40B4-42E2-BF2D-AF237D4BFF54}.Debug|x64.ActiveCfg = Debug|Any CPU
		{C8291FE3-40B4-42E2-BF2D-AF237D4BFF54}.Debug|x64.Build.0 = Debug|Any CPU
		{C8291FE3-40B4-42E2-BF2D-AF237D4BFF54}.Debug|x86.ActiveCfg = Debug|Any CPU
		{C8291FE3-40B4-42E2-BF2D-AF237D4BFF54}.Debug|x86.Build.0 = Debug|Any CPU
		{C8291FE3-40B4-42E2-BF2D-AF237D4BFF54}.Release|Any CPU.ActiveCfg = Release|Any CPU
		{C8291FE3-40B4-42E2-BF2D-AF237D4BFF54}.Release|Any CPU.Build.0 = Release|Any CPU
		{C8291FE3-40B4-42E2-BF2D-AF237D4BFF54}.Release|x64.ActiveCfg = Release|Any CPU
		{C8291FE3-40B4-42E2-BF2D-AF237D4BFF54}.Release|x64.Build.0 = Release|Any CPU
		{C8291FE3-40B4-42E2-BF2D-AF237D4BFF54}.Release|x86.ActiveCfg = Release|Any CPU
		{C8291FE3-40B4-42E2-BF2D-AF237D4BFF54}.Release|x86.Build.0 = Release|Any CPU
		{EA7F6F58-EF53-4378-875C-3A95066E03A6}.Debug|Any CPU.ActiveCfg = Debug|Any CPU
		{EA7F6F58-EF53-4378-875C-3A95066E03A6}.Debug|Any CPU.Build.0 = Debug|Any CPU
		{EA7F6F58-EF53-4378-875C-3A95066E03A6}.Debug|x64.ActiveCfg = Debug|Any CPU
		{EA7F6F58-EF53-4378-875C-3A95066E03A6}.Debug|x64.Build.0 = Debug|Any CPU
		{EA7F6F58-EF53-4378-875C-3A95066E03A6}.Debug|x86.ActiveCfg = Debug|Any CPU
		{EA7F6F58-EF53-4378-875C-3A95066E03A6}.Debug|x86.Build.0 = Debug|Any CPU
		{EA7F6F58-EF53-4378-875C-3A95066E03A6}.Release|Any CPU.ActiveCfg = Release|Any CPU
		{EA7F6F58-EF53-4378-875C-3A95066E03A6}.Release|Any CPU.Build.0 = Release|Any CPU
		{EA7F6F58-EF53-4378-875C-3A95066E03A6}.Release|x64.ActiveCfg = Release|Any CPU
		{EA7F6F58-EF53-4378-875C-3A95066E03A6}.Release|x64.Build.0 = Release|Any CPU
		{EA7F6F58-EF53-4378-875C-3A95066E03A6}.Release|x86.ActiveCfg = Release|Any CPU
		{EA7F6F58-EF53-4378-875C-3A95066E03A6}.Release|x86.Build.0 = Release|Any CPU
		{598C279C-0D3A-4750-9341-66291128B881}.Debug|Any CPU.ActiveCfg = Debug|Any CPU
		{598C279C-0D3A-4750-9341-66291128B881}.Debug|Any CPU.Build.0 = Debug|Any CPU
		{598C279C-0D3A-4750-9341-66291128B881}.Debug|x64.ActiveCfg = Debug|Any CPU
		{598C279C-0D3A-4750-9341-66291128B881}.Debug|x64.Build.0 = Debug|Any CPU
		{598C279C-0D3A-4750-9341-66291128B881}.Debug|x86.ActiveCfg = Debug|Any CPU
		{598C279C-0D3A-4750-9341-66291128B881}.Debug|x86.Build.0 = Debug|Any CPU
		{598C279C-0D3A-4750-9341-66291128B881}.Release|Any CPU.ActiveCfg = Release|Any CPU
		{598C279C-0D3A-4750-9341-66291128B881}.Release|Any CPU.Build.0 = Release|Any CPU
		{598C279C-0D3A-4750-9341-66291128B881}.Release|x64.ActiveCfg = Release|Any CPU
		{598C279C-0D3A-4750-9341-66291128B881}.Release|x64.Build.0 = Release|Any CPU
		{598C279C-0D3A-4750-9341-66291128B881}.Release|x86.ActiveCfg = Release|Any CPU
		{598C279C-0D3A-4750-9341-66291128B881}.Release|x86.Build.0 = Release|Any CPU
		{2EFCAFFB-CF36-4F17-A977-E19E1F213E22}.Debug|Any CPU.ActiveCfg = Debug|Any CPU
		{2EFCAFFB-CF36-4F17-A977-E19E1F213E22}.Debug|Any CPU.Build.0 = Debug|Any CPU
		{2EFCAFFB-CF36-4F17-A977-E19E1F213E22}.Debug|x64.ActiveCfg = Debug|Any CPU
		{2EFCAFFB-CF36-4F17-A977-E19E1F213E22}.Debug|x64.Build.0 = Debug|Any CPU
		{2EFCAFFB-CF36-4F17-A977-E19E1F213E22}.Debug|x86.ActiveCfg = Debug|Any CPU
		{2EFCAFFB-CF36-4F17-A977-E19E1F213E22}.Debug|x86.Build.0 = Debug|Any CPU
		{2EFCAFFB-CF36-4F17-A977-E19E1F213E22}.Release|Any CPU.ActiveCfg = Release|Any CPU
		{2EFCAFFB-CF36-4F17-A977-E19E1F213E22}.Release|Any CPU.Build.0 = Release|Any CPU
		{2EFCAFFB-CF36-4F17-A977-E19E1F213E22}.Release|x64.ActiveCfg = Release|Any CPU
		{2EFCAFFB-CF36-4F17-A977-E19E1F213E22}.Release|x64.Build.0 = Release|Any CPU
		{2EFCAFFB-CF36-4F17-A977-E19E1F213E22}.Release|x86.ActiveCfg = Release|Any CPU
		{2EFCAFFB-CF36-4F17-A977-E19E1F213E22}.Release|x86.Build.0 = Release|Any CPU
		{B6DE7E37-D737-4B4E-A56D-77242919532E}.Debug|Any CPU.ActiveCfg = Debug|Any CPU
		{B6DE7E37-D737-4B4E-A56D-77242919532E}.Debug|Any CPU.Build.0 = Debug|Any CPU
		{B6DE7E37-D737-4B4E-A56D-77242919532E}.Debug|x64.ActiveCfg = Debug|Any CPU
		{B6DE7E37-D737-4B4E-A56D-77242919532E}.Debug|x64.Build.0 = Debug|Any CPU
		{B6DE7E37-D737-4B4E-A56D-77242919532E}.Debug|x86.ActiveCfg = Debug|Any CPU
		{B6DE7E37-D737-4B4E-A56D-77242919532E}.Debug|x86.Build.0 = Debug|Any CPU
		{B6DE7E37-D737-4B4E-A56D-77242919532E}.Release|Any CPU.ActiveCfg = Release|Any CPU
		{B6DE7E37-D737-4B4E-A56D-77242919532E}.Release|Any CPU.Build.0 = Release|Any CPU
		{B6DE7E37-D737-4B4E-A56D-77242919532E}.Release|x64.ActiveCfg = Release|Any CPU
		{B6DE7E37-D737-4B4E-A56D-77242919532E}.Release|x64.Build.0 = Release|Any CPU
		{B6DE7E37-D737-4B4E-A56D-77242919532E}.Release|x86.ActiveCfg = Release|Any CPU
		{B6DE7E37-D737-4B4E-A56D-77242919532E}.Release|x86.Build.0 = Release|Any CPU
		{1C040425-89D0-41C2-90B3-AA46F6E0713F}.Debug|Any CPU.ActiveCfg = Debug|Any CPU
		{1C040425-89D0-41C2-90B3-AA46F6E0713F}.Debug|Any CPU.Build.0 = Debug|Any CPU
		{1C040425-89D0-41C2-90B3-AA46F6E0713F}.Debug|x64.ActiveCfg = Debug|Any CPU
		{1C040425-89D0-41C2-90B3-AA46F6E0713F}.Debug|x64.Build.0 = Debug|Any CPU
		{1C040425-89D0-41C2-90B3-AA46F6E0713F}.Debug|x86.ActiveCfg = Debug|Any CPU
		{1C040425-89D0-41C2-90B3-AA46F6E0713F}.Debug|x86.Build.0 = Debug|Any CPU
		{1C040425-89D0-41C2-90B3-AA46F6E0713F}.Release|Any CPU.ActiveCfg = Release|Any CPU
		{1C040425-89D0-41C2-90B3-AA46F6E0713F}.Release|Any CPU.Build.0 = Release|Any CPU
		{1C040425-89D0-41C2-90B3-AA46F6E0713F}.Release|x64.ActiveCfg = Release|Any CPU
		{1C040425-89D0-41C2-90B3-AA46F6E0713F}.Release|x64.Build.0 = Release|Any CPU
		{1C040425-89D0-41C2-90B3-AA46F6E0713F}.Release|x86.ActiveCfg = Release|Any CPU
		{1C040425-89D0-41C2-90B3-AA46F6E0713F}.Release|x86.Build.0 = Release|Any CPU
		{04D6B0F2-F4CD-444B-8E12-B2A09E7918D2}.Debug|Any CPU.ActiveCfg = Debug|Any CPU
		{04D6B0F2-F4CD-444B-8E12-B2A09E7918D2}.Debug|Any CPU.Build.0 = Debug|Any CPU
		{04D6B0F2-F4CD-444B-8E12-B2A09E7918D2}.Debug|x64.ActiveCfg = Debug|Any CPU
		{04D6B0F2-F4CD-444B-8E12-B2A09E7918D2}.Debug|x64.Build.0 = Debug|Any CPU
		{04D6B0F2-F4CD-444B-8E12-B2A09E7918D2}.Debug|x86.ActiveCfg = Debug|Any CPU
		{04D6B0F2-F4CD-444B-8E12-B2A09E7918D2}.Debug|x86.Build.0 = Debug|Any CPU
		{04D6B0F2-F4CD-444B-8E12-B2A09E7918D2}.Release|Any CPU.ActiveCfg = Release|Any CPU
		{04D6B0F2-F4CD-444B-8E12-B2A09E7918D2}.Release|Any CPU.Build.0 = Release|Any CPU
		{04D6B0F2-F4CD-444B-8E12-B2A09E7918D2}.Release|x64.ActiveCfg = Release|Any CPU
		{04D6B0F2-F4CD-444B-8E12-B2A09E7918D2}.Release|x64.Build.0 = Release|Any CPU
		{04D6B0F2-F4CD-444B-8E12-B2A09E7918D2}.Release|x86.ActiveCfg = Release|Any CPU
		{04D6B0F2-F4CD-444B-8E12-B2A09E7918D2}.Release|x86.Build.0 = Release|Any CPU
		{829EF2DB-B661-49BA-A360-61B200DFB047}.Debug|Any CPU.ActiveCfg = Debug|Any CPU
		{829EF2DB-B661-49BA-A360-61B200DFB047}.Debug|Any CPU.Build.0 = Debug|Any CPU
		{829EF2DB-B661-49BA-A360-61B200DFB047}.Debug|x64.ActiveCfg = Debug|Any CPU
		{829EF2DB-B661-49BA-A360-61B200DFB047}.Debug|x64.Build.0 = Debug|Any CPU
		{829EF2DB-B661-49BA-A360-61B200DFB047}.Debug|x86.ActiveCfg = Debug|Any CPU
		{829EF2DB-B661-49BA-A360-61B200DFB047}.Debug|x86.Build.0 = Debug|Any CPU
		{829EF2DB-B661-49BA-A360-61B200DFB047}.Release|Any CPU.ActiveCfg = Release|Any CPU
		{829EF2DB-B661-49BA-A360-61B200DFB047}.Release|Any CPU.Build.0 = Release|Any CPU
		{829EF2DB-B661-49BA-A360-61B200DFB047}.Release|x64.ActiveCfg = Release|Any CPU
		{829EF2DB-B661-49BA-A360-61B200DFB047}.Release|x64.Build.0 = Release|Any CPU
		{829EF2DB-B661-49BA-A360-61B200DFB047}.Release|x86.ActiveCfg = Release|Any CPU
		{829EF2DB-B661-49BA-A360-61B200DFB047}.Release|x86.Build.0 = Release|Any CPU
	EndGlobalSection
	GlobalSection(NestedProjects) = preSolution
		{F9906DA3-A0AF-4687-AC9A-E002CBEFA5AB} = {6404875E-7522-4F02-8084-B5883DA2FB14}
		{C8291FE3-40B4-42E2-BF2D-AF237D4BFF54} = {DCAB08B4-77D2-4912-937D-0CA3EECF1C71}
		{EA7F6F58-EF53-4378-875C-3A95066E03A6} = {6404875E-7522-4F02-8084-B5883DA2FB14}
		{598C279C-0D3A-4750-9341-66291128B881} = {6404875E-7522-4F02-8084-B5883DA2FB14}
		{2EFCAFFB-CF36-4F17-A977-E19E1F213E22} = {6404875E-7522-4F02-8084-B5883DA2FB14}
		{B6DE7E37-D737-4B4E-A56D-77242919532E} = {6404875E-7522-4F02-8084-B5883DA2FB14}
		{1C040425-89D0-41C2-90B3-AA46F6E0713F} = {6404875E-7522-4F02-8084-B5883DA2FB14}
		{04D6B0F2-F4CD-444B-8E12-B2A09E7918D2} = {DCAB08B4-77D2-4912-937D-0CA3EECF1C71}
		{8E5D03AC-749F-433E-96CC-0CD948D857A2} = {502CEFE7-4907-4A99-90C3-EBC471BF5A78}
		{829EF2DB-B661-49BA-A360-61B200DFB047} = {8E5D03AC-749F-433E-96CC-0CD948D857A2}
	EndGlobalSection
EndGlobal
